
Microsoft Visual Studio Solution File, Format Version 12.00
# Visual Studio Version 17
VisualStudioVersion = 17.11.35327.3
MinimumVisualStudioVersion = 10.0.40219.1
Project("{FAE04EC0-301F-11D3-BF4B-00C04F79EFBC}") = "login", "login\login.csproj", "{FD4A0CCD-832B-4074-86A8-8372E4ED2FA4}"
EndProject
Global
	GlobalSection(SolutionConfigurationPlatforms) = preSolution
		Debug|Any CPU = Debug|Any CPU
		Release|Any CPU = Release|Any CPU
	EndGlobalSection
	GlobalSection(ProjectConfigurationPlatforms) = postSolution
		{FD4A0CCD-832B-4074-86A8-8372E4ED2FA4}.Debug|Any CPU.ActiveCfg = Debug|Any CPU
		{FD4A0CCD-832B-4074-86A8-8372E4ED2FA4}.Debug|Any CPU.Build.0 = Debug|Any CPU
		{FD4A0CCD-832B-4074-86A8-8372E4ED2FA4}.Release|Any CPU.ActiveCfg = Release|Any CPU
		{FD4A0CCD-832B-4074-86A8-8372E4ED2FA4}.Release|Any CPU.Build.0 = Release|Any CPU
	EndGlobalSection
	GlobalSection(SolutionProperties) = preSolution
		HideSolutionNode = FALSE
	EndGlobalSection
	GlobalSection(ExtensibilityGlobals) = postSolution
		SolutionGuid = {CE4F4ADA-F486-4E1E-8A86-94B8D15C794F}
	EndGlobalSection
EndGlobal
