
Microsoft Visual Studio Solution File, Format Version 12.00
# Visual Studio Version 17
VisualStudioVersion = 17.11.35327.3
MinimumVisualStudioVersion = 10.0.40219.1
Project("{FAE04EC0-301F-11D3-BF4B-00C04F79EFBC}") = "circuferencia", "circuferencia\circuferencia.csproj", "{976948AD-D6A9-4D5C-9263-339A4BA8D61B}"
EndProject
Global
	GlobalSection(SolutionConfigurationPlatforms) = preSolution
		Debug|Any CPU = Debug|Any CPU
		Release|Any CPU = Release|Any CPU
	EndGlobalSection
	GlobalSection(ProjectConfigurationPlatforms) = postSolution
		{976948AD-D6A9-4D5C-9263-339A4BA8D61B}.Debug|Any CPU.ActiveCfg = Debug|Any CPU
		{976948AD-D6A9-4D5C-9263-339A4BA8D61B}.Debug|Any CPU.Build.0 = Debug|Any CPU
		{976948AD-D6A9-4D5C-9263-339A4BA8D61B}.Release|Any CPU.ActiveCfg = Release|Any CPU
		{976948AD-D6A9-4D5C-9263-339A4BA8D61B}.Release|Any CPU.Build.0 = Release|Any CPU
	EndGlobalSection
	GlobalSection(SolutionProperties) = preSolution
		HideSolutionNode = FALSE
	EndGlobalSection
	GlobalSection(ExtensibilityGlobals) = postSolution
		SolutionGuid = {40600463-BEE9-4DD7-812D-295500442D60}
	EndGlobalSection
EndGlobal
